{
  "name": "@yellicode/typescript",
  "version": "1.15.1",
  "lockfileVersion": 3,
  "requires": true,
  "packages": {
    "": {
      "name": "@yellicode/typescript",
      "version": "1.15.1",
      "license": "MIT",
      "dependencies": {
        "@yellicode/core": "^1.5.0",
        "@yellicode/elements": "^1.5.0"
      },
      "devDependencies": {
        "@types/node": "^10.11.7",
        "rollup": "^3.29.5"
      }
    },
    "node_modules/@types/node": {
      "version": "10.11.7",
      "resolved": "https://registry.npmjs.org/@types/node/-/node-10.11.7.tgz",
      "integrity": "sha512-yOxFfkN9xUFLyvWaeYj90mlqTJ41CsQzWKS3gXdOMOyPVacUsymejKxJ4/pMW7exouubuEeZLJawGgcNGYlTeg==",
      "dev": true
    },
    "node_modules/@yellicode/core": {
      "version": "1.5.0",
      "resolved": "https://registry.npmjs.org/@yellicode/core/-/core-1.5.0.tgz",
      "integrity": "sha512-ZgRISEbqA4KG+j4rxFKi0wz2LwLoX3KMzVrBZIIMhG1qdIQsmXM+dmllBgRn/HUxiCvRGE8V/C1L/alCVS4y5g==",
      "license": "MPL-2.0",
      "dependencies": {
        "nanoid": "^3.1.12"
      }
    },
    "node_modules/@yellicode/elements": {
      "version": "1.5.0",
      "resolved": "https://registry.npmjs.org/@yellicode/elements/-/elements-1.5.0.tgz",
      "integrity": "sha512-fQx49RS1DVO+CYsvURERvVtlVguMsE2wupPxvbuhfIgjj9BOtrx+H2geaZI0j69E01N6EmB4LJhj9DExWhvPdw==",
      "dependencies": {
        "@yellicode/core": "^1.2.2",
        "lodash": "^4.17.15",
        "toposort": "^2.0.2"
      }
    },
    "node_modules/fsevents": {
      "version": "2.3.3",
      "resolved": "https://registry.npmjs.org/fsevents/-/fsevents-2.3.3.tgz",
      "integrity": "sha512-5xoDfX+fL7faATnagmWPpbFtwh/R77WmMMqqHGS65C3vvB0YHrgF+B1YmZ3441tMj5n63k0212XNoJwzlhffQw==",
      "dev": true,
      "hasInstallScript": true,
      "optional": true,
      "os": [
        "darwin"
      ],
      "engines": {
        "node": "^8.16.0 || ^10.6.0 || >=11.0.0"
      }
    },
    "node_modules/lodash": {
      "version": "4.18.1",
      "resolved": "https://registry.npmjs.org/lodash/-/lodash-4.18.1.tgz",
      "integrity": "sha512-dMInicTPVE8d1e5otfwmmjlxkZoUpiVLwyeTdUsi/Caj/gfzzblBcCE5sRHV/AsjuCmxWrte2TNGSYuCeCq+0Q==",
      "license": "MIT"
    },
    "node_modules/nanoid": {
      "version": "3.3.11",
      "resolved": "https://registry.npmjs.org/nanoid/-/nanoid-3.3.11.tgz",
      "integrity": "sha512-N8SpfPUnUp1bK+PMYW8qSWdl9U+wwNWI4QKxOYDy9JAro3WMX7p2OeVRF9v+347pnakNevPmiHhNmZ2HbFA76w==",
      "funding": [
        {
          "type": "github",
          "url": "https://github.com/sponsors/ai"
        }
      ],
      "license": "MIT",
      "bin": {
        "nanoid": "bin/nanoid.cjs"
      },
      "engines": {
        "node": "^10 || ^12 || ^13.7 || ^14 || >=15.0.1"
      }
    },
    "node_modules/rollup": {
      "version": "3.30.0",
      "resolved": "https://registry.npmjs.org/rollup/-/rollup-3.30.0.tgz",
      "integrity": "sha512-kQvGasUgN+AlWGliFn2POSajRQEsULVYFGTvOZmK06d7vCD+YhZztt70kGk3qaeAXeWYL5eO7zx+rAubBc55eA==",
      "dev": true,
      "license": "MIT",
      "bin": {
        "rollup": "dist/bin/rollup"
      },
      "engines": {
        "node": ">=14.18.0",
        "npm": ">=8.0.0"
      },
      "optionalDependencies": {
        "fsevents": "~2.3.2"
      }
    },
    "node_modules/toposort": {
      "version": "2.0.2",
      "resolved": "https://registry.npmjs.org/toposort/-/toposort-2.0.2.tgz",
      "integrity": "sha1-riF2gXXRVZ1IvvNUILL0li8JwzA="
    }
  }
}
