{
  "name": "@yellicode/typescript",
  "version": "1.14.1",
  "lockfileVersion": 1,
  "requires": true,
  "dependencies": {
    "@types/node": {
      "version": "10.11.7",
      "resolved": "https://registry.npmjs.org/@types/node/-/node-10.11.7.tgz",
      "integrity": "sha512-yOxFfkN9xUFLyvWaeYj90mlqTJ41CsQzWKS3gXdOMOyPVacUsymejKxJ4/pMW7exouubuEeZLJawGgcNGYlTeg==",
      "dev": true
    },
    "@yellicode/core": {
      "version": "1.2.2",
      "resolved": "https://registry.npmjs.org/@yellicode/core/-/core-1.2.2.tgz",
      "integrity": "sha512-Foo9bVoef2KgxsvW2WDupihUHA99DtDKR4xVp1XzNA0WFM4gKRUmU+H4ypfPLH5wjKAw6yzgLG0r3SYdk3xixQ==",
      "requires": {
        "uuid": "^3.2.1"
      }
    },
    "@yellicode/elements": {
      "version": "1.5.0",
      "resolved": "https://registry.npmjs.org/@yellicode/elements/-/elements-1.5.0.tgz",
      "integrity": "sha512-fQx49RS1DVO+CYsvURERvVtlVguMsE2wupPxvbuhfIgjj9BOtrx+H2geaZI0j69E01N6EmB4LJhj9DExWhvPdw==",
      "requires": {
        "@yellicode/core": "^1.2.2",
        "lodash": "^4.17.15",
        "toposort": "^2.0.2"
      }
    },
    "fsevents": {
      "version": "2.3.3",
      "resolved": "https://registry.npmjs.org/fsevents/-/fsevents-2.3.3.tgz",
      "integrity": "sha512-5xoDfX+fL7faATnagmWPpbFtwh/R77WmMMqqHGS65C3vvB0YHrgF+B1YmZ3441tMj5n63k0212XNoJwzlhffQw==",
      "dev": true,
      "optional": true
    },
    "lodash": {
      "version": "4.17.21",
      "resolved": "https://registry.npmjs.org/lodash/-/lodash-4.17.21.tgz",
      "integrity": "sha512-v2kDEe57lecTulaDIuNTPy3Ry4gLGJ6Z1O3vE1krgXZNrsQ+LFTGHVxVjcXPs17LhbZVGedAJv8XZ1tvj5FvSg=="
    },
    "rollup": {
      "version": "3.29.5",
      "resolved": "https://registry.npmjs.org/rollup/-/rollup-3.29.5.tgz",
      "integrity": "sha512-GVsDdsbJzzy4S/v3dqWPJ7EfvZJfCHiDqe80IyrF59LYuP+e6U1LJoUqeuqRbwAWoMNoXivMNeNAOf5E22VA1w==",
      "dev": true,
      "requires": {
        "fsevents": "~2.3.2"
      }
    },
    "toposort": {
      "version": "2.0.2",
      "resolved": "https://registry.npmjs.org/toposort/-/toposort-2.0.2.tgz",
      "integrity": "sha1-riF2gXXRVZ1IvvNUILL0li8JwzA="
    },
    "uuid": {
      "version": "3.3.3",
      "resolved": "https://registry.npmjs.org/uuid/-/uuid-3.3.3.tgz",
      "integrity": "sha512-pW0No1RGHgzlpHJO1nsVrHKpOEIxkGg1xB+v0ZmdNH5OAeAwzAVrCnI2/6Mtx+Uys6iaylxa+D3g4j63IKKjSQ=="
    }
  }
}
